// !$*UTF8*$!
{
	archiveVersion = 1;
	classes = {
	};
	objectVersion = 46;
	objects = {

/* Begin PBXAggregateTarget section */
		"Strux::StruxPackageTests::ProductTarget" /* StruxPackageTests */ = {
			isa = PBXAggregateTarget;
			buildConfigurationList = OBJ_82 /* Build configuration list for PBXAggregateTarget "StruxPackageTests" */;
			buildPhases = (
			);
			dependencies = (
				OBJ_85 /* PBXTargetDependency */,
			);
			name = StruxPackageTests;
			productName = StruxPackageTests;
		};
/* End PBXAggregateTarget section */

/* Begin PBXBuildFile section */
		A9E5AAD82D8E6DC400CCB124 /* DisjointSet.swift in Sources */ = {isa = PBXBuildFile; fileRef = A9E5AAD72D8E6DC400CCB124 /* DisjointSet.swift */; };
		A9E5AAD92D8E6DC400CCB124 /* DisjointSet.swift in Sources */ = {isa = PBXBuildFile; fileRef = A9E5AAD72D8E6DC400CCB124 /* DisjointSet.swift */; };
		A9E5AADA2D8E6DC500CCB124 /* DisjointSet.swift in Sources */ = {isa = PBXBuildFile; fileRef = A9E5AAD72D8E6DC400CCB124 /* DisjointSet.swift */; };
		A9E5AADC2D8F153F00CCB124 /* DisjointSetTests.swift in Sources */ = {isa = PBXBuildFile; fileRef = A9E5AADB2D8F152E00CCB124 /* DisjointSetTests.swift */; };
		OBJ_100 /* BSTreeNonNumericTests.swift in Sources */ = {isa = PBXBuildFile; fileRef = OBJ_34 /* BSTreeNonNumericTests.swift */; };
		OBJ_101 /* BSTreeTraversalTests.swift in Sources */ = {isa = PBXBuildFile; fileRef = OBJ_35 /* BSTreeTraversalTests.swift */; };
		OBJ_102 /* BSTreeValueTests.swift in Sources */ = {isa = PBXBuildFile; fileRef = OBJ_36 /* BSTreeValueTests.swift */; };
		OBJ_103 /* MedianIndexTests.swift in Sources */ = {isa = PBXBuildFile; fileRef = OBJ_37 /* MedianIndexTests.swift */; };
		OBJ_104 /* SummedBSTreeTests.swift in Sources */ = {isa = PBXBuildFile; fileRef = OBJ_38 /* SummedBSTreeTests.swift */; };
		OBJ_105 /* DisjointSetTreeTests.swift in Sources */ = {isa = PBXBuildFile; fileRef = OBJ_39 /* DisjointSetTreeTests.swift */; };
		OBJ_106 /* HeapTests.swift in Sources */ = {isa = PBXBuildFile; fileRef = OBJ_40 /* HeapTests.swift */; };
		OBJ_107 /* QueueTests.swift in Sources */ = {isa = PBXBuildFile; fileRef = OBJ_41 /* QueueTests.swift */; };
		OBJ_108 /* SeededRandom.swift in Sources */ = {isa = PBXBuildFile; fileRef = OBJ_42 /* SeededRandom.swift */; };
		OBJ_109 /* XCTestManifests.swift in Sources */ = {isa = PBXBuildFile; fileRef = OBJ_43 /* XCTestManifests.swift */; };
		OBJ_111 /* Strux.framework in Frameworks */ = {isa = PBXBuildFile; fileRef = "Strux::Strux::Product" /* Strux.framework */; };
		OBJ_62 /* BNode.swift in Sources */ = {isa = PBXBuildFile; fileRef = OBJ_10 /* BNode.swift */; };
		OBJ_63 /* BSNode.swift in Sources */ = {isa = PBXBuildFile; fileRef = OBJ_11 /* BSNode.swift */; };
		OBJ_64 /* BSNodeAVL.swift in Sources */ = {isa = PBXBuildFile; fileRef = OBJ_12 /* BSNodeAVL.swift */; };
		OBJ_65 /* BSNodeCheck.swift in Sources */ = {isa = PBXBuildFile; fileRef = OBJ_13 /* BSNodeCheck.swift */; };
		OBJ_66 /* BSNodeDescription.swift in Sources */ = {isa = PBXBuildFile; fileRef = OBJ_14 /* BSNodeDescription.swift */; };
		OBJ_67 /* BSNodeModify.swift in Sources */ = {isa = PBXBuildFile; fileRef = OBJ_15 /* BSNodeModify.swift */; };
		OBJ_68 /* BSNodeTraverse.swift in Sources */ = {isa = PBXBuildFile; fileRef = OBJ_16 /* BSNodeTraverse.swift */; };
		OBJ_69 /* BSTree.swift in Sources */ = {isa = PBXBuildFile; fileRef = OBJ_17 /* BSTree.swift */; };
		OBJ_70 /* MedianIndex.swift in Sources */ = {isa = PBXBuildFile; fileRef = OBJ_18 /* MedianIndex.swift */; };
		OBJ_71 /* DisjointSetTree.swift in Sources */ = {isa = PBXBuildFile; fileRef = OBJ_19 /* DisjointSetTree.swift */; };
		OBJ_72 /* Heap.swift in Sources */ = {isa = PBXBuildFile; fileRef = OBJ_20 /* Heap.swift */; };
		OBJ_73 /* Queue.swift in Sources */ = {isa = PBXBuildFile; fileRef = OBJ_21 /* Queue.swift */; };
		OBJ_80 /* Package.swift in Sources */ = {isa = PBXBuildFile; fileRef = OBJ_6 /* Package.swift */; };
		OBJ_91 /* BSNodeAVLTests.swift in Sources */ = {isa = PBXBuildFile; fileRef = OBJ_25 /* BSNodeAVLTests.swift */; };
		OBJ_92 /* BSNodeDescriptionTests.swift in Sources */ = {isa = PBXBuildFile; fileRef = OBJ_26 /* BSNodeDescriptionTests.swift */; };
		OBJ_93 /* BSNodeModifyTests.swift in Sources */ = {isa = PBXBuildFile; fileRef = OBJ_27 /* BSNodeModifyTests.swift */; };
		OBJ_94 /* BSNodeTests.swift in Sources */ = {isa = PBXBuildFile; fileRef = OBJ_28 /* BSNodeTests.swift */; };
		OBJ_95 /* BSNodeTraversalTests.swift in Sources */ = {isa = PBXBuildFile; fileRef = OBJ_29 /* BSNodeTraversalTests.swift */; };
		OBJ_96 /* BSTreeCollectionTests.swift in Sources */ = {isa = PBXBuildFile; fileRef = OBJ_30 /* BSTreeCollectionTests.swift */; };
		OBJ_97 /* BSTreeConstructorTests.swift in Sources */ = {isa = PBXBuildFile; fileRef = OBJ_31 /* BSTreeConstructorTests.swift */; };
		OBJ_98 /* BSTreeEquatableTests.swift in Sources */ = {isa = PBXBuildFile; fileRef = OBJ_32 /* BSTreeEquatableTests.swift */; };
		OBJ_99 /* BSTreeMiscTests.swift in Sources */ = {isa = PBXBuildFile; fileRef = OBJ_33 /* BSTreeMiscTests.swift */; };
/* End PBXBuildFile section */

/* Begin PBXContainerItemProxy section */
		A9E5AAD52D8DF9DB00CCB124 /* PBXContainerItemProxy */ = {
			isa = PBXContainerItemProxy;
			containerPortal = OBJ_1 /* Project object */;
			proxyType = 1;
			remoteGlobalIDString = "Strux::Strux";
			remoteInfo = Strux;
		};
		A9E5AAD62D8DF9DB00CCB124 /* PBXContainerItemProxy */ = {
			isa = PBXContainerItemProxy;
			containerPortal = OBJ_1 /* Project object */;
			proxyType = 1;
			remoteGlobalIDString = "Strux::StruxTests";
			remoteInfo = StruxTests;
		};
/* End PBXContainerItemProxy section */

/* Begin PBXFileReference section */
		A9E5AAD72D8E6DC400CCB124 /* DisjointSet.swift */ = {isa = PBXFileReference; lastKnownFileType = sourcecode.swift; path = DisjointSet.swift; sourceTree = "<group>"; };
		A9E5AADB2D8F152E00CCB124 /* DisjointSetTests.swift */ = {isa = PBXFileReference; lastKnownFileType = sourcecode.swift; path = DisjointSetTests.swift; sourceTree = "<group>"; };
		OBJ_10 /* BNode.swift */ = {isa = PBXFileReference; lastKnownFileType = sourcecode.swift; path = BNode.swift; sourceTree = "<group>"; };
		OBJ_11 /* BSNode.swift */ = {isa = PBXFileReference; lastKnownFileType = sourcecode.swift; path = BSNode.swift; sourceTree = "<group>"; };
		OBJ_12 /* BSNodeAVL.swift */ = {isa = PBXFileReference; lastKnownFileType = sourcecode.swift; path = BSNodeAVL.swift; sourceTree = "<group>"; };
		OBJ_13 /* BSNodeCheck.swift */ = {isa = PBXFileReference; lastKnownFileType = sourcecode.swift; path = BSNodeCheck.swift; sourceTree = "<group>"; };
		OBJ_14 /* BSNodeDescription.swift */ = {isa = PBXFileReference; lastKnownFileType = sourcecode.swift; path = BSNodeDescription.swift; sourceTree = "<group>"; };
		OBJ_15 /* BSNodeModify.swift */ = {isa = PBXFileReference; lastKnownFileType = sourcecode.swift; path = BSNodeModify.swift; sourceTree = "<group>"; };
		OBJ_16 /* BSNodeTraverse.swift */ = {isa = PBXFileReference; lastKnownFileType = sourcecode.swift; path = BSNodeTraverse.swift; sourceTree = "<group>"; };
		OBJ_17 /* BSTree.swift */ = {isa = PBXFileReference; lastKnownFileType = sourcecode.swift; path = BSTree.swift; sourceTree = "<group>"; };
		OBJ_18 /* MedianIndex.swift */ = {isa = PBXFileReference; lastKnownFileType = sourcecode.swift; path = MedianIndex.swift; sourceTree = "<group>"; };
		OBJ_19 /* DisjointSetTree.swift */ = {isa = PBXFileReference; lastKnownFileType = sourcecode.swift; path = DisjointSetTree.swift; sourceTree = "<group>"; };
		OBJ_20 /* Heap.swift */ = {isa = PBXFileReference; lastKnownFileType = sourcecode.swift; path = Heap.swift; sourceTree = "<group>"; };
		OBJ_21 /* Queue.swift */ = {isa = PBXFileReference; lastKnownFileType = sourcecode.swift; path = Queue.swift; sourceTree = "<group>"; };
		OBJ_25 /* BSNodeAVLTests.swift */ = {isa = PBXFileReference; lastKnownFileType = sourcecode.swift; path = BSNodeAVLTests.swift; sourceTree = "<group>"; };
		OBJ_26 /* BSNodeDescriptionTests.swift */ = {isa = PBXFileReference; lastKnownFileType = sourcecode.swift; path = BSNodeDescriptionTests.swift; sourceTree = "<group>"; };
		OBJ_27 /* BSNodeModifyTests.swift */ = {isa = PBXFileReference; lastKnownFileType = sourcecode.swift; path = BSNodeModifyTests.swift; sourceTree = "<group>"; };
		OBJ_28 /* BSNodeTests.swift */ = {isa = PBXFileReference; lastKnownFileType = sourcecode.swift; path = BSNodeTests.swift; sourceTree = "<group>"; };
		OBJ_29 /* BSNodeTraversalTests.swift */ = {isa = PBXFileReference; lastKnownFileType = sourcecode.swift; path = BSNodeTraversalTests.swift; sourceTree = "<group>"; };
		OBJ_30 /* BSTreeCollectionTests.swift */ = {isa = PBXFileReference; lastKnownFileType = sourcecode.swift; path = BSTreeCollectionTests.swift; sourceTree = "<group>"; };
		OBJ_31 /* BSTreeConstructorTests.swift */ = {isa = PBXFileReference; lastKnownFileType = sourcecode.swift; path = BSTreeConstructorTests.swift; sourceTree = "<group>"; };
		OBJ_32 /* BSTreeEquatableTests.swift */ = {isa = PBXFileReference; lastKnownFileType = sourcecode.swift; path = BSTreeEquatableTests.swift; sourceTree = "<group>"; };
		OBJ_33 /* BSTreeMiscTests.swift */ = {isa = PBXFileReference; lastKnownFileType = sourcecode.swift; path = BSTreeMiscTests.swift; sourceTree = "<group>"; };
		OBJ_34 /* BSTreeNonNumericTests.swift */ = {isa = PBXFileReference; lastKnownFileType = sourcecode.swift; path = BSTreeNonNumericTests.swift; sourceTree = "<group>"; };
		OBJ_35 /* BSTreeTraversalTests.swift */ = {isa = PBXFileReference; lastKnownFileType = sourcecode.swift; path = BSTreeTraversalTests.swift; sourceTree = "<group>"; };
		OBJ_36 /* BSTreeValueTests.swift */ = {isa = PBXFileReference; lastKnownFileType = sourcecode.swift; path = BSTreeValueTests.swift; sourceTree = "<group>"; };
		OBJ_37 /* MedianIndexTests.swift */ = {isa = PBXFileReference; lastKnownFileType = sourcecode.swift; path = MedianIndexTests.swift; sourceTree = "<group>"; };
		OBJ_38 /* SummedBSTreeTests.swift */ = {isa = PBXFileReference; lastKnownFileType = sourcecode.swift; path = SummedBSTreeTests.swift; sourceTree = "<group>"; };
		OBJ_39 /* DisjointSetTreeTests.swift */ = {isa = PBXFileReference; lastKnownFileType = sourcecode.swift; path = DisjointSetTreeTests.swift; sourceTree = "<group>"; };
		OBJ_40 /* HeapTests.swift */ = {isa = PBXFileReference; lastKnownFileType = sourcecode.swift; path = HeapTests.swift; sourceTree = "<group>"; };
		OBJ_41 /* QueueTests.swift */ = {isa = PBXFileReference; lastKnownFileType = sourcecode.swift; path = QueueTests.swift; sourceTree = "<group>"; };
		OBJ_42 /* SeededRandom.swift */ = {isa = PBXFileReference; lastKnownFileType = sourcecode.swift; path = SeededRandom.swift; sourceTree = "<group>"; };
		OBJ_43 /* XCTestManifests.swift */ = {isa = PBXFileReference; lastKnownFileType = sourcecode.swift; path = XCTestManifests.swift; sourceTree = "<group>"; };
		OBJ_47 /* docs */ = {isa = PBXFileReference; lastKnownFileType = folder; path = docs; sourceTree = SOURCE_ROOT; };
		OBJ_48 /* Strux.xcworkspace */ = {isa = PBXFileReference; lastKnownFileType = wrapper.workspace; path = Strux.xcworkspace; sourceTree = SOURCE_ROOT; };
		OBJ_49 /* StruxMacApp */ = {isa = PBXFileReference; lastKnownFileType = folder; path = StruxMacApp; sourceTree = SOURCE_ROOT; };
		OBJ_50 /* StruxApp */ = {isa = PBXFileReference; lastKnownFileType = folder; path = StruxApp; sourceTree = SOURCE_ROOT; };
		OBJ_51 /* gcom */ = {isa = PBXFileReference; lastKnownFileType = text; path = gcom; sourceTree = "<group>"; };
		OBJ_52 /* LICENSE */ = {isa = PBXFileReference; lastKnownFileType = text; path = LICENSE; sourceTree = "<group>"; };
		OBJ_53 /* jaz */ = {isa = PBXFileReference; lastKnownFileType = text; path = jaz; sourceTree = "<group>"; };
		OBJ_54 /* README.md */ = {isa = PBXFileReference; lastKnownFileType = net.daringfireball.markdown; path = README.md; sourceTree = "<group>"; };
		OBJ_55 /* Strux.podspec */ = {isa = PBXFileReference; lastKnownFileType = text; path = Strux.podspec; sourceTree = "<group>"; };
		OBJ_56 /* build */ = {isa = PBXFileReference; lastKnownFileType = text; path = build; sourceTree = "<group>"; };
		OBJ_6 /* Package.swift */ = {isa = PBXFileReference; explicitFileType = sourcecode.swift; path = Package.swift; sourceTree = "<group>"; };
		"Strux::Strux::Product" /* Strux.framework */ = {isa = PBXFileReference; lastKnownFileType = wrapper.framework; path = Strux.framework; sourceTree = BUILT_PRODUCTS_DIR; };
		"Strux::StruxTests::Product" /* StruxTests.xctest */ = {isa = PBXFileReference; lastKnownFileType = file; path = StruxTests.xctest; sourceTree = BUILT_PRODUCTS_DIR; };
/* End PBXFileReference section */

/* Begin PBXFrameworksBuildPhase section */
		OBJ_110 /* Frameworks */ = {
			isa = PBXFrameworksBuildPhase;
			buildActionMask = 0;
			files = (
				OBJ_111 /* Strux.framework in Frameworks */,
			);
			runOnlyForDeploymentPostprocessing = 0;
		};
		OBJ_74 /* Frameworks */ = {
			isa = PBXFrameworksBuildPhase;
			buildActionMask = 0;
			files = (
			);
			runOnlyForDeploymentPostprocessing = 0;
		};
/* End PBXFrameworksBuildPhase section */

/* Begin PBXGroup section */
		OBJ_22 /* Tests */ = {
			isa = PBXGroup;
			children = (
				OBJ_23 /* StruxTests */,
			);
			name = Tests;
			sourceTree = SOURCE_ROOT;
		};
		OBJ_23 /* StruxTests */ = {
			isa = PBXGroup;
			children = (
				OBJ_24 /* BSTree */,
				OBJ_39 /* DisjointSetTreeTests.swift */,
				A9E5AADB2D8F152E00CCB124 /* DisjointSetTests.swift */,
				OBJ_40 /* HeapTests.swift */,
				OBJ_41 /* QueueTests.swift */,
				OBJ_42 /* SeededRandom.swift */,
				OBJ_43 /* XCTestManifests.swift */,
			);
			name = StruxTests;
			path = Tests/StruxTests;
			sourceTree = SOURCE_ROOT;
		};
		OBJ_24 /* BSTree */ = {
			isa = PBXGroup;
			children = (
				OBJ_25 /* BSNodeAVLTests.swift */,
				OBJ_26 /* BSNodeDescriptionTests.swift */,
				OBJ_27 /* BSNodeModifyTests.swift */,
				OBJ_28 /* BSNodeTests.swift */,
				OBJ_29 /* BSNodeTraversalTests.swift */,
				OBJ_30 /* BSTreeCollectionTests.swift */,
				OBJ_31 /* BSTreeConstructorTests.swift */,
				OBJ_32 /* BSTreeEquatableTests.swift */,
				OBJ_33 /* BSTreeMiscTests.swift */,
				OBJ_34 /* BSTreeNonNumericTests.swift */,
				OBJ_35 /* BSTreeTraversalTests.swift */,
				OBJ_36 /* BSTreeValueTests.swift */,
				OBJ_37 /* MedianIndexTests.swift */,
				OBJ_38 /* SummedBSTreeTests.swift */,
			);
			path = BSTree;
			sourceTree = "<group>";
		};
		OBJ_44 /* Products */ = {
			isa = PBXGroup;
			children = (
				"Strux::StruxTests::Product" /* StruxTests.xctest */,
				"Strux::Strux::Product" /* Strux.framework */,
			);
			name = Products;
			sourceTree = BUILT_PRODUCTS_DIR;
		};
		OBJ_5 /*  */ = {
			isa = PBXGroup;
			children = (
				OBJ_6 /* Package.swift */,
				OBJ_7 /* Sources */,
				OBJ_22 /* Tests */,
				OBJ_44 /* Products */,
				OBJ_47 /* docs */,
				OBJ_48 /* Strux.xcworkspace */,
				OBJ_49 /* StruxMacApp */,
				OBJ_50 /* StruxApp */,
				OBJ_51 /* gcom */,
				OBJ_52 /* LICENSE */,
				OBJ_53 /* jaz */,
				OBJ_54 /* README.md */,
				OBJ_55 /* Strux.podspec */,
				OBJ_56 /* build */,
			);
			name = "";
			sourceTree = "<group>";
		};
		OBJ_7 /* Sources */ = {
			isa = PBXGroup;
			children = (
				OBJ_8 /* Strux */,
			);
			name = Sources;
			sourceTree = SOURCE_ROOT;
		};
		OBJ_8 /* Strux */ = {
			isa = PBXGroup;
			children = (
				OBJ_9 /* BSTree */,
				A9E5AAD72D8E6DC400CCB124 /* DisjointSet.swift */,
				OBJ_19 /* DisjointSetTree.swift */,
				OBJ_20 /* Heap.swift */,
				OBJ_21 /* Queue.swift */,
			);
			name = Strux;
			path = Sources/Strux;
			sourceTree = SOURCE_ROOT;
		};
		OBJ_9 /* BSTree */ = {
			isa = PBXGroup;
			children = (
				OBJ_10 /* BNode.swift */,
				OBJ_11 /* BSNode.swift */,
				OBJ_12 /* BSNodeAVL.swift */,
				OBJ_13 /* BSNodeCheck.swift */,
				OBJ_14 /* BSNodeDescription.swift */,
				OBJ_15 /* BSNodeModify.swift */,
				OBJ_16 /* BSNodeTraverse.swift */,
				OBJ_17 /* BSTree.swift */,
				OBJ_18 /* MedianIndex.swift */,
			);
			path = BSTree;
			sourceTree = "<group>";
		};
/* End PBXGroup section */

/* Begin PBXNativeTarget section */
		"Strux::Strux" /* Strux */ = {
			isa = PBXNativeTarget;
			buildConfigurationList = OBJ_58 /* Build configuration list for PBXNativeTarget "Strux" */;
			buildPhases = (
				OBJ_61 /* Sources */,
				OBJ_74 /* Frameworks */,
			);
			buildRules = (
			);
			dependencies = (
			);
			name = Strux;
			productName = Strux;
			productReference = "Strux::Strux::Product" /* Strux.framework */;
			productType = "com.apple.product-type.framework";
		};
		"Strux::StruxTests" /* StruxTests */ = {
			isa = PBXNativeTarget;
			buildConfigurationList = OBJ_87 /* Build configuration list for PBXNativeTarget "StruxTests" */;
			buildPhases = (
				OBJ_90 /* Sources */,
				OBJ_110 /* Frameworks */,
			);
			buildRules = (
			);
			dependencies = (
				OBJ_112 /* PBXTargetDependency */,
			);
			name = StruxTests;
			productName = StruxTests;
			productReference = "Strux::StruxTests::Product" /* StruxTests.xctest */;
			productType = "com.apple.product-type.bundle.unit-test";
		};
		"Strux::SwiftPMPackageDescription" /* StruxPackageDescription */ = {
			isa = PBXNativeTarget;
			buildConfigurationList = OBJ_76 /* Build configuration list for PBXNativeTarget "StruxPackageDescription" */;
			buildPhases = (
				OBJ_79 /* Sources */,
			);
			buildRules = (
			);
			dependencies = (
			);
			name = StruxPackageDescription;
			productName = StruxPackageDescription;
			productType = "com.apple.product-type.framework";
		};
/* End PBXNativeTarget section */

/* Begin PBXProject section */
		OBJ_1 /* Project object */ = {
			isa = PBXProject;
			attributes = {
				LastSwiftMigration = 9999;
				LastUpgradeCheck = 9999;
				TargetAttributes = {
					"Strux::StruxPackageTests::ProductTarget" = {
						LastSwiftMigration = 1610;
					};
				};
			};
			buildConfigurationList = OBJ_2 /* Build configuration list for PBXProject "Strux" */;
			compatibilityVersion = "Xcode 3.2";
			developmentRegion = en;
			hasScannedForEncodings = 0;
			knownRegions = (
				en,
			);
			mainGroup = OBJ_5 /*  */;
			productRefGroup = OBJ_44 /* Products */;
			projectDirPath = "";
			projectRoot = "";
			targets = (
				"Strux::Strux" /* Strux */,
				"Strux::SwiftPMPackageDescription" /* StruxPackageDescription */,
				"Strux::StruxPackageTests::ProductTarget" /* StruxPackageTests */,
				"Strux::StruxTests" /* StruxTests */,
			);
		};
/* End PBXProject section */

/* Begin PBXSourcesBuildPhase section */
		OBJ_61 /* Sources */ = {
			isa = PBXSourcesBuildPhase;
			buildActionMask = 0;
			files = (
				OBJ_62 /* BNode.swift in Sources */,
				OBJ_63 /* BSNode.swift in Sources */,
				OBJ_64 /* BSNodeAVL.swift in Sources */,
				OBJ_65 /* BSNodeCheck.swift in Sources */,
				OBJ_66 /* BSNodeDescription.swift in Sources */,
				OBJ_67 /* BSNodeModify.swift in Sources */,
				OBJ_68 /* BSNodeTraverse.swift in Sources */,
				OBJ_69 /* BSTree.swift in Sources */,
				OBJ_70 /* MedianIndex.swift in Sources */,
				OBJ_71 /* DisjointSetTree.swift in Sources */,
				A9E5AAD92D8E6DC400CCB124 /* DisjointSet.swift in Sources */,
				OBJ_72 /* Heap.swift in Sources */,
				OBJ_73 /* Queue.swift in Sources */,
			);
			runOnlyForDeploymentPostprocessing = 0;
		};
		OBJ_79 /* Sources */ = {
			isa = PBXSourcesBuildPhase;
			buildActionMask = 0;
			files = (
				OBJ_80 /* Package.swift in Sources */,
				A9E5AAD82D8E6DC400CCB124 /* DisjointSet.swift in Sources */,
			);
			runOnlyForDeploymentPostprocessing = 0;
		};
		OBJ_90 /* Sources */ = {
			isa = PBXSourcesBuildPhase;
			buildActionMask = 0;
			files = (
				OBJ_91 /* BSNodeAVLTests.swift in Sources */,
				OBJ_92 /* BSNodeDescriptionTests.swift in Sources */,
				OBJ_93 /* BSNodeModifyTests.swift in Sources */,
				OBJ_94 /* BSNodeTests.swift in Sources */,
				OBJ_95 /* BSNodeTraversalTests.swift in Sources */,
				A9E5AADA2D8E6DC500CCB124 /* DisjointSet.swift in Sources */,
				OBJ_96 /* BSTreeCollectionTests.swift in Sources */,
				OBJ_97 /* BSTreeConstructorTests.swift in Sources */,
				OBJ_98 /* BSTreeEquatableTests.swift in Sources */,
				A9E5AADC2D8F153F00CCB124 /* DisjointSetTests.swift in Sources */,
				OBJ_99 /* BSTreeMiscTests.swift in Sources */,
				OBJ_100 /* BSTreeNonNumericTests.swift in Sources */,
				OBJ_101 /* BSTreeTraversalTests.swift in Sources */,
				OBJ_102 /* BSTreeValueTests.swift in Sources */,
				OBJ_103 /* MedianIndexTests.swift in Sources */,
				OBJ_104 /* SummedBSTreeTests.swift in Sources */,
				OBJ_105 /* DisjointSetTreeTests.swift in Sources */,
				OBJ_106 /* HeapTests.swift in Sources */,
				OBJ_107 /* QueueTests.swift in Sources */,
				OBJ_108 /* SeededRandom.swift in Sources */,
				OBJ_109 /* XCTestManifests.swift in Sources */,
			);
			runOnlyForDeploymentPostprocessing = 0;
		};
/* End PBXSourcesBuildPhase section */

/* Begin PBXTargetDependency section */
		OBJ_112 /* PBXTargetDependency */ = {
			isa = PBXTargetDependency;
			target = "Strux::Strux" /* Strux */;
			targetProxy = A9E5AAD52D8DF9DB00CCB124 /* PBXContainerItemProxy */;
		};
		OBJ_85 /* PBXTargetDependency */ = {
			isa = PBXTargetDependency;
			target = "Strux::StruxTests" /* StruxTests */;
			targetProxy = A9E5AAD62D8DF9DB00CCB124 /* PBXContainerItemProxy */;
		};
/* End PBXTargetDependency section */

/* Begin XCBuildConfiguration section */
		OBJ_3 /* Debug */ = {
			isa = XCBuildConfiguration;
			buildSettings = {
				CLANG_ENABLE_OBJC_ARC = YES;
				COMBINE_HIDPI_IMAGES = YES;
				COPY_PHASE_STRIP = NO;
				DEBUG_INFORMATION_FORMAT = dwarf;
				DYLIB_INSTALL_NAME_BASE = "@rpath";
				ENABLE_NS_ASSERTIONS = YES;
				GCC_OPTIMIZATION_LEVEL = 0;
				GCC_PREPROCESSOR_DEFINITIONS = (
					"$(inherited)",
					"SWIFT_PACKAGE=1",
					"DEBUG=1",
				);
				MACOSX_DEPLOYMENT_TARGET = 10.10;
				ONLY_ACTIVE_ARCH = YES;
				OTHER_SWIFT_FLAGS = "$(inherited) -DXcode";
				PRODUCT_NAME = "$(TARGET_NAME)";
				SDKROOT = macosx;
				SUPPORTED_PLATFORMS = "macosx iphoneos iphonesimulator appletvos appletvsimulator watchos watchsimulator";
				SWIFT_ACTIVE_COMPILATION_CONDITIONS = "$(inherited) SWIFT_PACKAGE DEBUG";
				SWIFT_OPTIMIZATION_LEVEL = "-Onone";
				USE_HEADERMAP = NO;
			};
			name = Debug;
		};
		OBJ_4 /* Release */ = {
			isa = XCBuildConfiguration;
			buildSettings = {
				CLANG_ENABLE_OBJC_ARC = YES;
				COMBINE_HIDPI_IMAGES = YES;
				COPY_PHASE_STRIP = YES;
				DEBUG_INFORMATION_FORMAT = "dwarf-with-dsym";
				DYLIB_INSTALL_NAME_BASE = "@rpath";
				GCC_OPTIMIZATION_LEVEL = s;
				GCC_PREPROCESSOR_DEFINITIONS = (
					"$(inherited)",
					"SWIFT_PACKAGE=1",
				);
				MACOSX_DEPLOYMENT_TARGET = 10.10;
				OTHER_SWIFT_FLAGS = "$(inherited) -DXcode";
				PRODUCT_NAME = "$(TARGET_NAME)";
				SDKROOT = macosx;
				SUPPORTED_PLATFORMS = "macosx iphoneos iphonesimulator appletvos appletvsimulator watchos watchsimulator";
				SWIFT_ACTIVE_COMPILATION_CONDITIONS = "$(inherited) SWIFT_PACKAGE";
				SWIFT_OPTIMIZATION_LEVEL = "-Owholemodule";
				USE_HEADERMAP = NO;
			};
			name = Release;
		};
		OBJ_59 /* Debug */ = {
			isa = XCBuildConfiguration;
			buildSettings = {
				ENABLE_TESTABILITY = YES;
				FRAMEWORK_SEARCH_PATHS = (
					"$(inherited)",
					"$(PLATFORM_DIR)/Developer/Library/Frameworks",
				);
				HEADER_SEARCH_PATHS = "$(inherited)";
				INFOPLIST_FILE = Strux.xcodeproj/Strux_Info.plist;
				LD_RUNPATH_SEARCH_PATHS = "$(inherited) $(TOOLCHAIN_DIR)/usr/lib/swift/macosx";
				OTHER_CFLAGS = "$(inherited)";
				OTHER_LDFLAGS = "$(inherited)";
				OTHER_SWIFT_FLAGS = "$(inherited)";
				PRODUCT_BUNDLE_IDENTIFIER = Strux;
				PRODUCT_MODULE_NAME = "$(TARGET_NAME:c99extidentifier)";
				PRODUCT_NAME = "$(TARGET_NAME:c99extidentifier)";
				SKIP_INSTALL = YES;
				SWIFT_ACTIVE_COMPILATION_CONDITIONS = "$(inherited)";
				SWIFT_VERSION = 4.0;
				TARGET_NAME = Strux;
			};
			name = Debug;
		};
		OBJ_60 /* Release */ = {
			isa = XCBuildConfiguration;
			buildSettings = {
				ENABLE_TESTABILITY = YES;
				FRAMEWORK_SEARCH_PATHS = (
					"$(inherited)",
					"$(PLATFORM_DIR)/Developer/Library/Frameworks",
				);
				HEADER_SEARCH_PATHS = "$(inherited)";
				INFOPLIST_FILE = Strux.xcodeproj/Strux_Info.plist;
				LD_RUNPATH_SEARCH_PATHS = "$(inherited) $(TOOLCHAIN_DIR)/usr/lib/swift/macosx";
				OTHER_CFLAGS = "$(inherited)";
				OTHER_LDFLAGS = "$(inherited)";
				OTHER_SWIFT_FLAGS = "$(inherited)";
				PRODUCT_BUNDLE_IDENTIFIER = Strux;
				PRODUCT_MODULE_NAME = "$(TARGET_NAME:c99extidentifier)";
				PRODUCT_NAME = "$(TARGET_NAME:c99extidentifier)";
				SKIP_INSTALL = YES;
				SWIFT_ACTIVE_COMPILATION_CONDITIONS = "$(inherited)";
				SWIFT_VERSION = 4.0;
				TARGET_NAME = Strux;
			};
			name = Release;
		};
		OBJ_77 /* Debug */ = {
			isa = XCBuildConfiguration;
			buildSettings = {
				LD = /usr/bin/true;
				OTHER_SWIFT_FLAGS = "-swift-version 4 -I $(TOOLCHAIN_DIR)/usr/lib/swift/pm/4 -sdk /Applications/Xcode.app/Contents/Developer/Platforms/MacOSX.platform/Developer/SDKs/MacOSX11.0.sdk -package-description-version 4.0.0";
				SWIFT_VERSION = 4.0;
			};
			name = Debug;
		};
		OBJ_78 /* Release */ = {
			isa = XCBuildConfiguration;
			buildSettings = {
				LD = /usr/bin/true;
				OTHER_SWIFT_FLAGS = "-swift-version 4 -I $(TOOLCHAIN_DIR)/usr/lib/swift/pm/4 -sdk /Applications/Xcode.app/Contents/Developer/Platforms/MacOSX.platform/Developer/SDKs/MacOSX11.0.sdk -package-description-version 4.0.0";
				SWIFT_VERSION = 4.0;
			};
			name = Release;
		};
		OBJ_83 /* Debug */ = {
			isa = XCBuildConfiguration;
			buildSettings = {
				CLANG_ENABLE_MODULES = YES;
				SWIFT_OPTIMIZATION_LEVEL = "-Onone";
				SWIFT_VERSION = 6.0;
			};
			name = Debug;
		};
		OBJ_84 /* Release */ = {
			isa = XCBuildConfiguration;
			buildSettings = {
				CLANG_ENABLE_MODULES = YES;
				SWIFT_VERSION = 6.0;
			};
			name = Release;
		};
		OBJ_88 /* Debug */ = {
			isa = XCBuildConfiguration;
			buildSettings = {
				CLANG_ENABLE_MODULES = YES;
				EMBEDDED_CONTENT_CONTAINS_SWIFT = YES;
				FRAMEWORK_SEARCH_PATHS = (
					"$(inherited)",
					"$(PLATFORM_DIR)/Developer/Library/Frameworks",
				);
				HEADER_SEARCH_PATHS = "$(inherited)";
				INFOPLIST_FILE = Strux.xcodeproj/StruxTests_Info.plist;
				LD_RUNPATH_SEARCH_PATHS = "$(inherited) @loader_path/../Frameworks @loader_path/Frameworks";
				OTHER_CFLAGS = "$(inherited)";
				OTHER_LDFLAGS = "$(inherited)";
				OTHER_SWIFT_FLAGS = "$(inherited)";
				SWIFT_ACTIVE_COMPILATION_CONDITIONS = "$(inherited)";
				SWIFT_VERSION = 4.0;
				TARGET_NAME = StruxTests;
			};
			name = Debug;
		};
		OBJ_89 /* Release */ = {
			isa = XCBuildConfiguration;
			buildSettings = {
				CLANG_ENABLE_MODULES = YES;
				EMBEDDED_CONTENT_CONTAINS_SWIFT = YES;
				FRAMEWORK_SEARCH_PATHS = (
					"$(inherited)",
					"$(PLATFORM_DIR)/Developer/Library/Frameworks",
				);
				HEADER_SEARCH_PATHS = "$(inherited)";
				INFOPLIST_FILE = Strux.xcodeproj/StruxTests_Info.plist;
				LD_RUNPATH_SEARCH_PATHS = "$(inherited) @loader_path/../Frameworks @loader_path/Frameworks";
				OTHER_CFLAGS = "$(inherited)";
				OTHER_LDFLAGS = "$(inherited)";
				OTHER_SWIFT_FLAGS = "$(inherited)";
				SWIFT_ACTIVE_COMPILATION_CONDITIONS = "$(inherited)";
				SWIFT_VERSION = 4.0;
				TARGET_NAME = StruxTests;
			};
			name = Release;
		};
/* End XCBuildConfiguration section */

/* Begin XCConfigurationList section */
		OBJ_2 /* Build configuration list for PBXProject "Strux" */ = {
			isa = XCConfigurationList;
			buildConfigurations = (
				OBJ_3 /* Debug */,
				OBJ_4 /* Release */,
			);
			defaultConfigurationIsVisible = 0;
			defaultConfigurationName = Release;
		};
		OBJ_58 /* Build configuration list for PBXNativeTarget "Strux" */ = {
			isa = XCConfigurationList;
			buildConfigurations = (
				OBJ_59 /* Debug */,
				OBJ_60 /* Release */,
			);
			defaultConfigurationIsVisible = 0;
			defaultConfigurationName = Release;
		};
		OBJ_76 /* Build configuration list for PBXNativeTarget "StruxPackageDescription" */ = {
			isa = XCConfigurationList;
			buildConfigurations = (
				OBJ_77 /* Debug */,
				OBJ_78 /* Release */,
			);
			defaultConfigurationIsVisible = 0;
			defaultConfigurationName = Release;
		};
		OBJ_82 /* Build configuration list for PBXAggregateTarget "StruxPackageTests" */ = {
			isa = XCConfigurationList;
			buildConfigurations = (
				OBJ_83 /* Debug */,
				OBJ_84 /* Release */,
			);
			defaultConfigurationIsVisible = 0;
			defaultConfigurationName = Release;
		};
		OBJ_87 /* Build configuration list for PBXNativeTarget "StruxTests" */ = {
			isa = XCConfigurationList;
			buildConfigurations = (
				OBJ_88 /* Debug */,
				OBJ_89 /* Release */,
			);
			defaultConfigurationIsVisible = 0;
			defaultConfigurationName = Release;
		};
/* End XCConfigurationList section */
	};
	rootObject = OBJ_1 /* Project object */;
}
