// !$*UTF8*$!
{
	archiveVersion = 1;
	classes = {
	};
	objectVersion = 52;
	objects = {

/* Begin PBXBuildFile section */
		1D0FEE8A24846BD0001F8732 /* Strux in Frameworks */ = {isa = PBXBuildFile; productRef = 1D0FEE8924846BD0001F8732 /* Strux */; };
		1D81C90C24743F56000B56ED /* SeededRandom.swift in Sources */ = {isa = PBXBuildFile; fileRef = 1D81C90B24743F56000B56ED /* SeededRandom.swift */; };
		1D84C247246F456B00B436CA /* AppDelegate.swift in Sources */ = {isa = PBXBuildFile; fileRef = 1D84C246246F456B00B436CA /* AppDelegate.swift */; };
		1D84C249246F456B00B436CA /* ContentView.swift in Sources */ = {isa = PBXBuildFile; fileRef = 1D84C248246F456B00B436CA /* ContentView.swift */; };
		1D84C24B246F456D00B436CA /* Assets.xcassets in Resources */ = {isa = PBXBuildFile; fileRef = 1D84C24A246F456D00B436CA /* Assets.xcassets */; };
		1D84C24E246F456D00B436CA /* Preview Assets.xcassets in Resources */ = {isa = PBXBuildFile; fileRef = 1D84C24D246F456D00B436CA /* Preview Assets.xcassets */; };
		1D84C251246F456D00B436CA /* Main.storyboard in Resources */ = {isa = PBXBuildFile; fileRef = 1D84C24F246F456D00B436CA /* Main.storyboard */; };
		1D84C26D246F473200B436CA /* QueueModel.swift in Sources */ = {isa = PBXBuildFile; fileRef = 1D84C26A246F473200B436CA /* QueueModel.swift */; };
		1D84C26E246F473200B436CA /* BSTreeModel.swift in Sources */ = {isa = PBXBuildFile; fileRef = 1D84C26B246F473200B436CA /* BSTreeModel.swift */; };
		1D84C26F246F473200B436CA /* HeapModel.swift in Sources */ = {isa = PBXBuildFile; fileRef = 1D84C26C246F473200B436CA /* HeapModel.swift */; };
/* End PBXBuildFile section */

/* Begin PBXFileReference section */
		1D81C90B24743F56000B56ED /* SeededRandom.swift */ = {isa = PBXFileReference; lastKnownFileType = sourcecode.swift; path = SeededRandom.swift; sourceTree = "<group>"; };
		1D84C243246F456B00B436CA /* StruxMacApp.app */ = {isa = PBXFileReference; explicitFileType = wrapper.application; includeInIndex = 0; path = StruxMacApp.app; sourceTree = BUILT_PRODUCTS_DIR; };
		1D84C246246F456B00B436CA /* AppDelegate.swift */ = {isa = PBXFileReference; lastKnownFileType = sourcecode.swift; path = AppDelegate.swift; sourceTree = "<group>"; };
		1D84C248246F456B00B436CA /* ContentView.swift */ = {isa = PBXFileReference; lastKnownFileType = sourcecode.swift; path = ContentView.swift; sourceTree = "<group>"; };
		1D84C24A246F456D00B436CA /* Assets.xcassets */ = {isa = PBXFileReference; lastKnownFileType = folder.assetcatalog; path = Assets.xcassets; sourceTree = "<group>"; };
		1D84C24D246F456D00B436CA /* Preview Assets.xcassets */ = {isa = PBXFileReference; lastKnownFileType = folder.assetcatalog; path = "Preview Assets.xcassets"; sourceTree = "<group>"; };
		1D84C250246F456D00B436CA /* Base */ = {isa = PBXFileReference; lastKnownFileType = file.storyboard; name = Base; path = Base.lproj/Main.storyboard; sourceTree = "<group>"; };
		1D84C252246F456D00B436CA /* Info.plist */ = {isa = PBXFileReference; lastKnownFileType = text.plist.xml; path = Info.plist; sourceTree = "<group>"; };
		1D84C253246F456D00B436CA /* StruxMacApp.entitlements */ = {isa = PBXFileReference; lastKnownFileType = text.plist.entitlements; path = StruxMacApp.entitlements; sourceTree = "<group>"; };
		1D84C26A246F473200B436CA /* QueueModel.swift */ = {isa = PBXFileReference; fileEncoding = 4; lastKnownFileType = sourcecode.swift; name = QueueModel.swift; path = ../../../Strux/StruxApp/StruxApp/QueueModel.swift; sourceTree = "<group>"; };
		1D84C26B246F473200B436CA /* BSTreeModel.swift */ = {isa = PBXFileReference; fileEncoding = 4; lastKnownFileType = sourcecode.swift; name = BSTreeModel.swift; path = ../../../Strux/StruxApp/StruxApp/BSTreeModel.swift; sourceTree = "<group>"; };
		1D84C26C246F473200B436CA /* HeapModel.swift */ = {isa = PBXFileReference; fileEncoding = 4; lastKnownFileType = sourcecode.swift; name = HeapModel.swift; path = ../../../Strux/StruxApp/StruxApp/HeapModel.swift; sourceTree = "<group>"; };
/* End PBXFileReference section */

/* Begin PBXFrameworksBuildPhase section */
		1D84C240246F456B00B436CA /* Frameworks */ = {
			isa = PBXFrameworksBuildPhase;
			buildActionMask = 2147483647;
			files = (
				1D0FEE8A24846BD0001F8732 /* Strux in Frameworks */,
			);
			runOnlyForDeploymentPostprocessing = 0;
		};
/* End PBXFrameworksBuildPhase section */

/* Begin PBXGroup section */
		1D84C23A246F456B00B436CA = {
			isa = PBXGroup;
			children = (
				1D84C245246F456B00B436CA /* StruxMacApp */,
				1D84C244246F456B00B436CA /* Products */,
				1D84C267246F45CA00B436CA /* Frameworks */,
			);
			sourceTree = "<group>";
		};
		1D84C244246F456B00B436CA /* Products */ = {
			isa = PBXGroup;
			children = (
				1D84C243246F456B00B436CA /* StruxMacApp.app */,
			);
			name = Products;
			sourceTree = "<group>";
		};
		1D84C245246F456B00B436CA /* StruxMacApp */ = {
			isa = PBXGroup;
			children = (
				1D84C246246F456B00B436CA /* AppDelegate.swift */,
				1D84C248246F456B00B436CA /* ContentView.swift */,
				1D84C26A246F473200B436CA /* QueueModel.swift */,
				1D84C26C246F473200B436CA /* HeapModel.swift */,
				1D84C26B246F473200B436CA /* BSTreeModel.swift */,
				1D81C90B24743F56000B56ED /* SeededRandom.swift */,
				1D84C24A246F456D00B436CA /* Assets.xcassets */,
				1D84C24F246F456D00B436CA /* Main.storyboard */,
				1D84C252246F456D00B436CA /* Info.plist */,
				1D84C253246F456D00B436CA /* StruxMacApp.entitlements */,
				1D84C24C246F456D00B436CA /* Preview Content */,
			);
			path = StruxMacApp;
			sourceTree = "<group>";
		};
		1D84C24C246F456D00B436CA /* Preview Content */ = {
			isa = PBXGroup;
			children = (
				1D84C24D246F456D00B436CA /* Preview Assets.xcassets */,
			);
			path = "Preview Content";
			sourceTree = "<group>";
		};
		1D84C267246F45CA00B436CA /* Frameworks */ = {
			isa = PBXGroup;
			children = (
			);
			name = Frameworks;
			sourceTree = "<group>";
		};
/* End PBXGroup section */

/* Begin PBXNativeTarget section */
		1D84C242246F456B00B436CA /* StruxMacApp */ = {
			isa = PBXNativeTarget;
			buildConfigurationList = 1D84C261246F456D00B436CA /* Build configuration list for PBXNativeTarget "StruxMacApp" */;
			buildPhases = (
				1D84C23F246F456B00B436CA /* Sources */,
				1D84C240246F456B00B436CA /* Frameworks */,
				1D84C241246F456B00B436CA /* Resources */,
			);
			buildRules = (
			);
			dependencies = (
			);
			name = StruxMacApp;
			packageProductDependencies = (
				1D0FEE8924846BD0001F8732 /* Strux */,
			);
			productName = StruxMacApp;
			productReference = 1D84C243246F456B00B436CA /* StruxMacApp.app */;
			productType = "com.apple.product-type.application";
		};
/* End PBXNativeTarget section */

/* Begin PBXProject section */
		1D84C23B246F456B00B436CA /* Project object */ = {
			isa = PBXProject;
			attributes = {
				LastSwiftUpdateCheck = 1140;
				LastUpgradeCheck = 1140;
				ORGANIZATIONNAME = "Richard Clark";
				TargetAttributes = {
					1D84C242246F456B00B436CA = {
						CreatedOnToolsVersion = 11.4.1;
					};
				};
			};
			buildConfigurationList = 1D84C23E246F456B00B436CA /* Build configuration list for PBXProject "StruxMacApp" */;
			compatibilityVersion = "Xcode 9.3";
			developmentRegion = en;
			hasScannedForEncodings = 0;
			knownRegions = (
				en,
				Base,
			);
			mainGroup = 1D84C23A246F456B00B436CA;
			productRefGroup = 1D84C244246F456B00B436CA /* Products */;
			projectDirPath = "";
			projectRoot = "";
			targets = (
				1D84C242246F456B00B436CA /* StruxMacApp */,
			);
		};
/* End PBXProject section */

/* Begin PBXResourcesBuildPhase section */
		1D84C241246F456B00B436CA /* Resources */ = {
			isa = PBXResourcesBuildPhase;
			buildActionMask = 2147483647;
			files = (
				1D84C251246F456D00B436CA /* Main.storyboard in Resources */,
				1D84C24E246F456D00B436CA /* Preview Assets.xcassets in Resources */,
				1D84C24B246F456D00B436CA /* Assets.xcassets in Resources */,
			);
			runOnlyForDeploymentPostprocessing = 0;
		};
/* End PBXResourcesBuildPhase section */

/* Begin PBXSourcesBuildPhase section */
		1D84C23F246F456B00B436CA /* Sources */ = {
			isa = PBXSourcesBuildPhase;
			buildActionMask = 2147483647;
			files = (
				1D81C90C24743F56000B56ED /* SeededRandom.swift in Sources */,
				1D84C26F246F473200B436CA /* HeapModel.swift in Sources */,
				1D84C249246F456B00B436CA /* ContentView.swift in Sources */,
				1D84C247246F456B00B436CA /* AppDelegate.swift in Sources */,
				1D84C26E246F473200B436CA /* BSTreeModel.swift in Sources */,
				1D84C26D246F473200B436CA /* QueueModel.swift in Sources */,
			);
			runOnlyForDeploymentPostprocessing = 0;
		};
/* End PBXSourcesBuildPhase section */

/* Begin PBXVariantGroup section */
		1D84C24F246F456D00B436CA /* Main.storyboard */ = {
			isa = PBXVariantGroup;
			children = (
				1D84C250246F456D00B436CA /* Base */,
			);
			name = Main.storyboard;
			sourceTree = "<group>";
		};
/* End PBXVariantGroup section */

/* Begin XCBuildConfiguration section */
		1D84C25F246F456D00B436CA /* Debug */ = {
			isa = XCBuildConfiguration;
			buildSettings = {
				ALWAYS_SEARCH_USER_PATHS = NO;
				CLANG_ANALYZER_NONNULL = YES;
				CLANG_ANALYZER_NUMBER_OBJECT_CONVERSION = YES_AGGRESSIVE;
				CLANG_CXX_LANGUAGE_STANDARD = "gnu++14";
				CLANG_CXX_LIBRARY = "libc++";
				CLANG_ENABLE_MODULES = YES;
				CLANG_ENABLE_OBJC_ARC = YES;
				CLANG_ENABLE_OBJC_WEAK = YES;
				CLANG_WARN_BLOCK_CAPTURE_AUTORELEASING = YES;
				CLANG_WARN_BOOL_CONVERSION = YES;
				CLANG_WARN_COMMA = YES;
				CLANG_WARN_CONSTANT_CONVERSION = YES;
				CLANG_WARN_DEPRECATED_OBJC_IMPLEMENTATIONS = YES;
				CLANG_WARN_DIRECT_OBJC_ISA_USAGE = YES_ERROR;
				CLANG_WARN_DOCUMENTATION_COMMENTS = YES;
				CLANG_WARN_EMPTY_BODY = YES;
				CLANG_WARN_ENUM_CONVERSION = YES;
				CLANG_WARN_INFINITE_RECURSION = YES;
				CLANG_WARN_INT_CONVERSION = YES;
				CLANG_WARN_NON_LITERAL_NULL_CONVERSION = YES;
				CLANG_WARN_OBJC_IMPLICIT_RETAIN_SELF = YES;
				CLANG_WARN_OBJC_LITERAL_CONVERSION = YES;
				CLANG_WARN_OBJC_ROOT_CLASS = YES_ERROR;
				CLANG_WARN_RANGE_LOOP_ANALYSIS = YES;
				CLANG_WARN_STRICT_PROTOTYPES = YES;
				CLANG_WARN_SUSPICIOUS_MOVE = YES;
				CLANG_WARN_UNGUARDED_AVAILABILITY = YES_AGGRESSIVE;
				CLANG_WARN_UNREACHABLE_CODE = YES;
				CLANG_WARN__DUPLICATE_METHOD_MATCH = YES;
				COPY_PHASE_STRIP = NO;
				DEBUG_INFORMATION_FORMAT = dwarf;
				ENABLE_STRICT_OBJC_MSGSEND = YES;
				ENABLE_TESTABILITY = YES;
				GCC_C_LANGUAGE_STANDARD = gnu11;
				GCC_DYNAMIC_NO_PIC = NO;
				GCC_NO_COMMON_BLOCKS = YES;
				GCC_OPTIMIZATION_LEVEL = 0;
				GCC_PREPROCESSOR_DEFINITIONS = (
					"DEBUG=1",
					"$(inherited)",
				);
				GCC_WARN_64_TO_32_BIT_CONVERSION = YES;
				GCC_WARN_ABOUT_RETURN_TYPE = YES_ERROR;
				GCC_WARN_UNDECLARED_SELECTOR = YES;
				GCC_WARN_UNINITIALIZED_AUTOS = YES_AGGRESSIVE;
				GCC_WARN_UNUSED_FUNCTION = YES;
				GCC_WARN_UNUSED_VARIABLE = YES;
				MACOSX_DEPLOYMENT_TARGET = 10.15;
				MTL_ENABLE_DEBUG_INFO = INCLUDE_SOURCE;
				MTL_FAST_MATH = YES;
				ONLY_ACTIVE_ARCH = YES;
				SDKROOT = macosx;
				SWIFT_ACTIVE_COMPILATION_CONDITIONS = DEBUG;
				SWIFT_OPTIMIZATION_LEVEL = "-Onone";
			};
			name = Debug;
		};
		1D84C260246F456D00B436CA /* Release */ = {
			isa = XCBuildConfiguration;
			buildSettings = {
				ALWAYS_SEARCH_USER_PATHS = NO;
				CLANG_ANALYZER_NONNULL = YES;
				CLANG_ANALYZER_NUMBER_OBJECT_CONVERSION = YES_AGGRESSIVE;
				CLANG_CXX_LANGUAGE_STANDARD = "gnu++14";
				CLANG_CXX_LIBRARY = "libc++";
				CLANG_ENABLE_MODULES = YES;
				CLANG_ENABLE_OBJC_ARC = YES;
				CLANG_ENABLE_OBJC_WEAK = YES;
				CLANG_WARN_BLOCK_CAPTURE_AUTORELEASING = YES;
				CLANG_WARN_BOOL_CONVERSION = YES;
				CLANG_WARN_COMMA = YES;
				CLANG_WARN_CONSTANT_CONVERSION = YES;
				CLANG_WARN_DEPRECATED_OBJC_IMPLEMENTATIONS = YES;
				CLANG_WARN_DIRECT_OBJC_ISA_USAGE = YES_ERROR;
				CLANG_WARN_DOCUMENTATION_COMMENTS = YES;
				CLANG_WARN_EMPTY_BODY = YES;
				CLANG_WARN_ENUM_CONVERSION = YES;
				CLANG_WARN_INFINITE_RECURSION = YES;
				CLANG_WARN_INT_CONVERSION = YES;
				CLANG_WARN_NON_LITERAL_NULL_CONVERSION = YES;
				CLANG_WARN_OBJC_IMPLICIT_RETAIN_SELF = YES;
				CLANG_WARN_OBJC_LITERAL_CONVERSION = YES;
				CLANG_WARN_OBJC_ROOT_CLASS = YES_ERROR;
				CLANG_WARN_RANGE_LOOP_ANALYSIS = YES;
				CLANG_WARN_STRICT_PROTOTYPES = YES;
				CLANG_WARN_SUSPICIOUS_MOVE = YES;
				CLANG_WARN_UNGUARDED_AVAILABILITY = YES_AGGRESSIVE;
				CLANG_WARN_UNREACHABLE_CODE = YES;
				CLANG_WARN__DUPLICATE_METHOD_MATCH = YES;
				COPY_PHASE_STRIP = NO;
				DEBUG_INFORMATION_FORMAT = "dwarf-with-dsym";
				ENABLE_NS_ASSERTIONS = NO;
				ENABLE_STRICT_OBJC_MSGSEND = YES;
				GCC_C_LANGUAGE_STANDARD = gnu11;
				GCC_NO_COMMON_BLOCKS = YES;
				GCC_WARN_64_TO_32_BIT_CONVERSION = YES;
				GCC_WARN_ABOUT_RETURN_TYPE = YES_ERROR;
				GCC_WARN_UNDECLARED_SELECTOR = YES;
				GCC_WARN_UNINITIALIZED_AUTOS = YES_AGGRESSIVE;
				GCC_WARN_UNUSED_FUNCTION = YES;
				GCC_WARN_UNUSED_VARIABLE = YES;
				MACOSX_DEPLOYMENT_TARGET = 10.15;
				MTL_ENABLE_DEBUG_INFO = NO;
				MTL_FAST_MATH = YES;
				SDKROOT = macosx;
				SWIFT_COMPILATION_MODE = wholemodule;
				SWIFT_OPTIMIZATION_LEVEL = "-O";
			};
			name = Release;
		};
		1D84C262246F456D00B436CA /* Debug */ = {
			isa = XCBuildConfiguration;
			buildSettings = {
				ASSETCATALOG_COMPILER_APPICON_NAME = AppIcon;
				CODE_SIGN_ENTITLEMENTS = StruxMacApp/StruxMacApp.entitlements;
				CODE_SIGN_IDENTITY = "-";
				CODE_SIGN_STYLE = Automatic;
				COMBINE_HIDPI_IMAGES = YES;
				DEVELOPMENT_ASSET_PATHS = "\"StruxMacApp/Preview Content\"";
				DEVELOPMENT_TEAM = Y2G9CL9C3G;
				ENABLE_HARDENED_RUNTIME = YES;
				ENABLE_PREVIEWS = YES;
				INFOPLIST_FILE = StruxMacApp/Info.plist;
				LD_RUNPATH_SEARCH_PATHS = (
					"$(inherited)",
					"@executable_path/../Frameworks",
				);
				MACOSX_DEPLOYMENT_TARGET = 10.15;
				PRODUCT_BUNDLE_IDENTIFIER = Scipio.StruxMacApp;
				PRODUCT_NAME = "$(TARGET_NAME)";
				SWIFT_VERSION = 5.0;
			};
			name = Debug;
		};
		1D84C263246F456D00B436CA /* Release */ = {
			isa = XCBuildConfiguration;
			buildSettings = {
				ASSETCATALOG_COMPILER_APPICON_NAME = AppIcon;
				CODE_SIGN_ENTITLEMENTS = StruxMacApp/StruxMacApp.entitlements;
				CODE_SIGN_IDENTITY = "-";
				CODE_SIGN_STYLE = Automatic;
				COMBINE_HIDPI_IMAGES = YES;
				DEVELOPMENT_ASSET_PATHS = "\"StruxMacApp/Preview Content\"";
				DEVELOPMENT_TEAM = Y2G9CL9C3G;
				ENABLE_HARDENED_RUNTIME = YES;
				ENABLE_PREVIEWS = YES;
				INFOPLIST_FILE = StruxMacApp/Info.plist;
				LD_RUNPATH_SEARCH_PATHS = (
					"$(inherited)",
					"@executable_path/../Frameworks",
				);
				MACOSX_DEPLOYMENT_TARGET = 10.15;
				PRODUCT_BUNDLE_IDENTIFIER = Scipio.StruxMacApp;
				PRODUCT_NAME = "$(TARGET_NAME)";
				SWIFT_VERSION = 5.0;
			};
			name = Release;
		};
/* End XCBuildConfiguration section */

/* Begin XCConfigurationList section */
		1D84C23E246F456B00B436CA /* Build configuration list for PBXProject "StruxMacApp" */ = {
			isa = XCConfigurationList;
			buildConfigurations = (
				1D84C25F246F456D00B436CA /* Debug */,
				1D84C260246F456D00B436CA /* Release */,
			);
			defaultConfigurationIsVisible = 0;
			defaultConfigurationName = Release;
		};
		1D84C261246F456D00B436CA /* Build configuration list for PBXNativeTarget "StruxMacApp" */ = {
			isa = XCConfigurationList;
			buildConfigurations = (
				1D84C262246F456D00B436CA /* Debug */,
				1D84C263246F456D00B436CA /* Release */,
			);
			defaultConfigurationIsVisible = 0;
			defaultConfigurationName = Release;
		};
/* End XCConfigurationList section */

/* Begin XCSwiftPackageProductDependency section */
		1D0FEE8924846BD0001F8732 /* Strux */ = {
			isa = XCSwiftPackageProductDependency;
			productName = Strux;
		};
/* End XCSwiftPackageProductDependency section */
	};
	rootObject = 1D84C23B246F456B00B436CA /* Project object */;
}
